<Solution>
  <Project Path="AdvancedCourse.AsyncAwait/AdvancedCourse.AsyncAwait.csproj" Id="16c91be1-afa7-411a-bddc-47e17fabf686" />
  <Project Path="AdvancedCourse.Tasks/AdvancedCourse.Tasks.csproj" Id="e402804b-66bf-406a-9b62-e633fde508fc" />
  <Project Path="AdvancedCourse.Threads/AdvancedCourse.Threads.csproj" />
  <Project Path="AdvancedCourse/AdvancedCourse.csproj" />
</Solution>
